# This file is autogenerated, do not edit; changes may be undone by the next 'dep ensure'.


[[projects]]
  name = "github.com/BurntSushi/toml"
  packages = ["."]
  revision = "b26d9c308763d68093482582cea63d69be07a0f0"
  version = "v0.3.0"

[[projects]]
  branch = "master"
  name = "github.com/antihax/goesi"
  packages = [".","esi","eveapi"]
  revision = "d253a60b21300c596ce934356fe3287612a4994d"

[[projects]]
  name = "github.com/davecgh/go-spew"
  packages = ["spew"]
  revision = "346938d642f2ec3594ed81d874461961cd0faa76"
  version = "v1.1.0"

[[projects]]
  name = "github.com/fatih/color"
  packages = ["."]
  revision = "570b54cabe6b8eb0bc2dfce68d964677d63b5260"
  version = "v1.5.0"

[[projects]]
  branch = "master"
  name = "github.com/golang/protobuf"
  packages = ["proto","ptypes","ptypes/any","ptypes/duration","ptypes/timestamp"]
  revision = "130e6b02ab059e7b717a096f397c5b60111cae74"

[[projects]]
  branch = "master"
  name = "github.com/gregjones/httpcache"
  packages = ["."]
  revision = "316c5e0ff04e0ce21cfae9fbbb2ab39c7fc74e71"

[[projects]]
  name = "github.com/guregu/null"
  packages = ["."]
  revision = "5d2d1e5a9e25088fb9cc0b0f7cb566250eb42bba"
  version = "v3.2.0"

[[projects]]
  name = "github.com/jackc/pgx"
  packages = [".","stdlib"]
  revision = "9bd22f689ac9f0f5445fb5dad24569d5cadf1773"
  version = "v2.11.0"

[[projects]]
  name = "github.com/leekchan/accounting"
  packages = ["."]
  revision = "a35854c075934d6aa1a6c1ab3ea8a82ee0dc1a93"
  version = "v0.2"

[[projects]]
  branch = "master"
  name = "github.com/mailru/easyjson"
  packages = [".","buffer","jlexer","jwriter"]
  revision = "2a92e673c9a6302dd05c3a691ae1f24aef46457d"

[[projects]]
  name = "github.com/mattn/go-colorable"
  packages = ["."]
  revision = "167de6bfdfba052fa6b2d3664c8f5272e23c9072"
  version = "v0.0.9"

[[projects]]
  name = "github.com/mattn/go-isatty"
  packages = ["."]
  revision = "fc9e8d8ef48496124e79ae0df75490096eccf6fe"
  version = "v0.0.2"

[[projects]]
  branch = "master"
  name = "github.com/peterh/liner"
  packages = ["."]
  revision = "a37ad39843113264dae84a5d89fcee28f50b35c6"

[[projects]]
  name = "github.com/pkg/errors"
  packages = ["."]
  revision = "645ef00459ed84a119197bfb8d8205042c6df63d"
  version = "v0.8.0"

[[projects]]
  branch = "master"
  name = "github.com/shopspring/decimal"
  packages = ["."]
  revision = "aed1bfe463fa3c9cc268d60dcc1491db613bff7e"

[[projects]]
  name = "github.com/sirupsen/logrus"
  packages = ["."]
  revision = "f006c2ac4710855cf0f916dd6b77acf6b048dc6e"
  version = "v1.0.3"

[[projects]]
  branch = "master"
  name = "github.com/tyler-sommer/stick"
  packages = [".","parse","twig/escape"]
  revision = "d80fb7c90085f427c90fef7fb9df5fe63053a7c5"

[[projects]]
  branch = "master"
  name = "golang.org/x/crypto"
  packages = ["acme","acme/autocert","bcrypt","blowfish","ssh/terminal"]
  revision = "7d9177d70076375b9a59c8fde23d52d9c4a7ecd5"

[[projects]]
  branch = "master"
  name = "golang.org/x/net"
  packages = ["context","context/ctxhttp","http2","http2/hpack","idna","internal/timeseries","lex/httplex","trace"]
  revision = "0744d001aa8470aaa53df28d32e5ceeb8af9bd70"

[[projects]]
  branch = "master"
  name = "golang.org/x/oauth2"
  packages = [".","internal"]
  revision = "13449ad91cb26cb47661c1b080790392170385fd"

[[projects]]
  branch = "master"
  name = "golang.org/x/sys"
  packages = ["unix","windows"]
  revision = "2320a9c15898af1b1b24f99700d5c1e957f9d8cf"

[[projects]]
  branch = "master"
  name = "golang.org/x/text"
  packages = ["collate","collate/build","internal/colltab","internal/gen","internal/tag","internal/triegen","internal/ucd","language","secure/bidirule","transform","unicode/bidi","unicode/cldr","unicode/norm","unicode/rangetable"]
  revision = "1cbadb444a806fd9430d14ad08967ed91da4fa0a"

[[projects]]
  name = "google.golang.org/appengine"
  packages = ["internal","internal/base","internal/datastore","internal/log","internal/remote_api","internal/urlfetch","urlfetch"]
  revision = "150dc57a1b433e64154302bdc40b6bb8aefa313a"
  version = "v1.0.0"

[[projects]]
  branch = "master"
  name = "google.golang.org/genproto"
  packages = ["googleapis/rpc/status"]
  revision = "1e559d0a00eef8a9a43151db4665280bd8dd5886"

[[projects]]
  name = "google.golang.org/grpc"
  packages = [".","codes","connectivity","credentials","grpclb/grpc_lb_v1/messages","grpclog","internal","keepalive","metadata","naming","peer","stats","status","tap","test/bufconn","transport"]
  revision = "f92cdcd7dcdc69e81b2d7b338479a19a8723cfa3"
  version = "v1.6.0"

[solve-meta]
  analyzer-name = "dep"
  analyzer-version = 1
  inputs-digest = "8ed9b144be704b4ea3a731b79ba2c2c20614b5515b0e4d1d4d7c61c149e1a7a3"
  solver-name = "gps-cdcl"
  solver-version = 1
